
Microsoft Visual Studio Solution File, Format Version 12.00
# Visual Studio Version 16
VisualStudioVersion = 16.0.31410.357
MinimumVisualStudioVersion = 10.0.40219.1
Project("{FAE04EC0-301F-11D3-BF4B-00C04F79EFBC}") = "save eggs game", "save eggs game\save eggs game.csproj", "{D4D653BF-02C0-455C-977C-1074701A6A5E}"
EndProject
Project("{2150E333-8FDC-42A3-9474-1A3956D46DE8}") = "Resources", "Resources", "{84F86597-1346-4786-9668-FD69E8803D75}"
	ProjectSection(SolutionItems) = preProject
		..\..\..\Desktop\basket.jpg = ..\..\..\Desktop\basket.jpg
		..\..\..\Desktop\egg.jpg = ..\..\..\Desktop\egg.jpg
		..\..\..\Desktop\egg1.jpg = ..\..\..\Desktop\egg1.jpg
		..\..\..\Desktop\splash.jpg = ..\..\..\Desktop\splash.jpg
	EndProjectSection
EndProject
Global
	GlobalSection(SolutionConfigurationPlatforms) = preSolution
		Debug|Any CPU = Debug|Any CPU
		Release|Any CPU = Release|Any CPU
	EndGlobalSection
	GlobalSection(ProjectConfigurationPlatforms) = postSolution
		{D4D653BF-02C0-455C-977C-1074701A6A5E}.Debug|Any CPU.ActiveCfg = Debug|Any CPU
		{D4D653BF-02C0-455C-977C-1074701A6A5E}.Debug|Any CPU.Build.0 = Debug|Any CPU
		{D4D653BF-02C0-455C-977C-1074701A6A5E}.Release|Any CPU.ActiveCfg = Release|Any CPU
		{D4D653BF-02C0-455C-977C-1074701A6A5E}.Release|Any CPU.Build.0 = Release|Any CPU
	EndGlobalSection
	GlobalSection(SolutionProperties) = preSolution
		HideSolutionNode = FALSE
	EndGlobalSection
	GlobalSection(ExtensibilityGlobals) = postSolution
		SolutionGuid = {B8E43485-D290-4BBA-8846-44F16ABED482}
	EndGlobalSection
EndGlobal
